// !$*UTF8*$!
{
	archiveVersion = 1;
	classes = {
	};
	objectVersion = 56;
	objects = {

/* Begin PBXBuildFile section */
		0107DF0129B08499005138E4 /* Montserrat-ExtraBoldItalic.ttf in Resources */ = {isa = PBXBuildFile; fileRef = 0107DF0029B08499005138E4 /* Montserrat-ExtraBoldItalic.ttf */; };
		0107DF0529B08A53005138E4 /* Montserrat-SemiBoldItalic.ttf in Resources */ = {isa = PBXBuildFile; fileRef = 0107DF0429B08A53005138E4 /* Montserrat-SemiBoldItalic.ttf */; };
		011570B029A0C4D000B94616 /* VPItemCell.swift in Sources */ = {isa = PBXBuildFile; fileRef = 011570AF29A0C4D000B94616 /* VPItemCell.swift */; };
		011570B529A214CE00B94616 /* VPDialogueView.swift in Sources */ = {isa = PBXBuildFile; fileRef = 011570B429A214CE00B94616 /* VPDialogueView.swift */; };
		011570B729A2254600B94616 /* VPDialogueLeftCell.swift in Sources */ = {isa = PBXBuildFile; fileRef = 011570B629A2254600B94616 /* VPDialogueLeftCell.swift */; };
		011570B929A2255600B94616 /* VPDialogueRightCell.swift in Sources */ = {isa = PBXBuildFile; fileRef = 011570B829A2255600B94616 /* VPDialogueRightCell.swift */; };
		011570BD29A2295F00B94616 /* VPBorderView.swift in Sources */ = {isa = PBXBuildFile; fileRef = 011570BB29A2295F00B94616 /* VPBorderView.swift */; };
		011570BE29A2295F00B94616 /* VPGradientView.swift in Sources */ = {isa = PBXBuildFile; fileRef = 011570BC29A2295F00B94616 /* VPGradientView.swift */; };
		011570C229A3212A00B94616 /* VPDialogueController.swift in Sources */ = {isa = PBXBuildFile; fileRef = 011570C129A3212A00B94616 /* VPDialogueController.swift */; };
		011570C429A3495400B94616 /* UIFont+Extension.swift in Sources */ = {isa = PBXBuildFile; fileRef = 011570C329A3495400B94616 /* UIFont+Extension.swift */; };
		011570C629A34E7800B94616 /* VPLineWaveView.swift in Sources */ = {isa = PBXBuildFile; fileRef = 011570C529A34E7800B94616 /* VPLineWaveView.swift */; };
		011570CA29A354F600B94616 /* VPLineWaveController.swift in Sources */ = {isa = PBXBuildFile; fileRef = 011570C929A354F600B94616 /* VPLineWaveController.swift */; };
		01610F2E29B6EBC30016D4F5 /* background_media.mp4 in Resources */ = {isa = PBXBuildFile; fileRef = 01610F2D29B6EBC30016D4F5 /* background_media.mp4 */; };
		01610F5229B7878E0016D4F5 /* VPIdentitySelectController.swift in Sources */ = {isa = PBXBuildFile; fileRef = 01610F5129B7878E0016D4F5 /* VPIdentitySelectController.swift */; };
		01610F5A29B82FFC0016D4F5 /* VPLanguageItemCell.swift in Sources */ = {isa = PBXBuildFile; fileRef = 01610F5429B82FFC0016D4F5 /* VPLanguageItemCell.swift */; };
		01610F5B29B82FFC0016D4F5 /* VPSelectLanguageController.swift in Sources */ = {isa = PBXBuildFile; fileRef = 01610F5529B82FFC0016D4F5 /* VPSelectLanguageController.swift */; };
		01610F5C29B82FFC0016D4F5 /* Login.swift in Sources */ = {isa = PBXBuildFile; fileRef = 01610F5829B82FFC0016D4F5 /* Login.swift */; };
		01610F5D29B82FFC0016D4F5 /* VPLoginController.swift in Sources */ = {isa = PBXBuildFile; fileRef = 01610F5929B82FFC0016D4F5 /* VPLoginController.swift */; };
		01610F5F29B8303F0016D4F5 /* VPRegistController.swift in Sources */ = {isa = PBXBuildFile; fileRef = 01610F5E29B8303F0016D4F5 /* VPRegistController.swift */; };
		01610F6129B868A20016D4F5 /* LanguageSelectData.json in Resources */ = {isa = PBXBuildFile; fileRef = 01610F6029B868A20016D4F5 /* LanguageSelectData.json */; };
		01610F6329B877620016D4F5 /* LoginData.json in Resources */ = {isa = PBXBuildFile; fileRef = 01610F6229B877620016D4F5 /* LoginData.json */; };
		01610F6729B888F00016D4F5 /* GreetingData.json in Resources */ = {isa = PBXBuildFile; fileRef = 01610F6629B888F00016D4F5 /* GreetingData.json */; };
		01610F6929B8D6180016D4F5 /* VPToastView.swift in Sources */ = {isa = PBXBuildFile; fileRef = 01610F6829B8D6180016D4F5 /* VPToastView.swift */; };
		01610F6B29B970A20016D4F5 /* IdentityData.json in Resources */ = {isa = PBXBuildFile; fileRef = 01610F6A29B970A20016D4F5 /* IdentityData.json */; };
		0163A47E29B1E3C8007DB7C4 /* VPRegistOrLoginController.swift in Sources */ = {isa = PBXBuildFile; fileRef = 0163A47D29B1E3C8007DB7C4 /* VPRegistOrLoginController.swift */; };
		0163A48129B33B07007DB7C4 /* VPGuideProcessController.swift in Sources */ = {isa = PBXBuildFile; fileRef = 0163A48029B33B07007DB7C4 /* VPGuideProcessController.swift */; };
		0163A48329B46189007DB7C4 /* VPIdentitySelectView.swift in Sources */ = {isa = PBXBuildFile; fileRef = 0163A48229B46189007DB7C4 /* VPIdentitySelectView.swift */; };
		0163A48529B46673007DB7C4 /* VPIdentityView.swift in Sources */ = {isa = PBXBuildFile; fileRef = 0163A48429B46673007DB7C4 /* VPIdentityView.swift */; };
		0163A48A29B5E4CD007DB7C4 /* UICommonButton.swift in Sources */ = {isa = PBXBuildFile; fileRef = 0163A48829B5E4CD007DB7C4 /* UICommonButton.swift */; };
		0163A48B29B5E4CD007DB7C4 /* UIView+Extension.swift in Sources */ = {isa = PBXBuildFile; fileRef = 0163A48929B5E4CD007DB7C4 /* UIView+Extension.swift */; };
		0164B146299F5E500016A4A2 /* VPItemsSelectView.swift in Sources */ = {isa = PBXBuildFile; fileRef = 0164B145299F5E500016A4A2 /* VPItemsSelectView.swift */; };
		0164B149299F6A550016A4A2 /* VPItemsSelectController.swift in Sources */ = {isa = PBXBuildFile; fileRef = 0164B147299F6A550016A4A2 /* VPItemsSelectController.swift */; };
		016EC94529A63ACD00A107ED /* VPGradientTextView.swift in Sources */ = {isa = PBXBuildFile; fileRef = 016EC94429A63ACD00A107ED /* VPGradientTextView.swift */; };
		016EC94929A6575000A107ED /* VPStrokeTextLabel.swift in Sources */ = {isa = PBXBuildFile; fileRef = 016EC94829A6575000A107ED /* VPStrokeTextLabel.swift */; };
		016EC94B29A744F400A107ED /* VPPolygonBorderView.swift in Sources */ = {isa = PBXBuildFile; fileRef = 016EC94A29A744F400A107ED /* VPPolygonBorderView.swift */; };
		016EC94E29A7471300A107ED /* VPPolygonBorderController.swift in Sources */ = {isa = PBXBuildFile; fileRef = 016EC94D29A7471300A107ED /* VPPolygonBorderController.swift */; };
		01AB78EF29A4E44900E311E8 /* VPFinishedController.swift in Sources */ = {isa = PBXBuildFile; fileRef = 01AB78EE29A4E44900E311E8 /* VPFinishedController.swift */; };
		01AB78F129A4E4D500E311E8 /* VPFinishedView.swift in Sources */ = {isa = PBXBuildFile; fileRef = 01AB78F029A4E4D500E311E8 /* VPFinishedView.swift */; };
		01C76F0D299E2CE9000F3B86 /* AppDelegate.swift in Sources */ = {isa = PBXBuildFile; fileRef = 01C76F0C299E2CE9000F3B86 /* AppDelegate.swift */; };
		01C76F0F299E2CE9000F3B86 /* SceneDelegate.swift in Sources */ = {isa = PBXBuildFile; fileRef = 01C76F0E299E2CE9000F3B86 /* SceneDelegate.swift */; };
		01C76F11299E2CE9000F3B86 /* ViewController.swift in Sources */ = {isa = PBXBuildFile; fileRef = 01C76F10299E2CE9000F3B86 /* ViewController.swift */; };
		01C76F14299E2CE9000F3B86 /* Main.storyboard in Resources */ = {isa = PBXBuildFile; fileRef = 01C76F12299E2CE9000F3B86 /* Main.storyboard */; };
		01C76F16299E2CE9000F3B86 /* Assets.xcassets in Resources */ = {isa = PBXBuildFile; fileRef = 01C76F15299E2CE9000F3B86 /* Assets.xcassets */; };
		01C76F19299E2CE9000F3B86 /* LaunchScreen.storyboard in Resources */ = {isa = PBXBuildFile; fileRef = 01C76F17299E2CE9000F3B86 /* LaunchScreen.storyboard */; };
		01C76F24299F2397000F3B86 /* ListTableViewCell.swift in Sources */ = {isa = PBXBuildFile; fileRef = 01C76F22299F2397000F3B86 /* ListTableViewCell.swift */; };
		01C76F25299F2397000F3B86 /* ListTableViewCell.xib in Resources */ = {isa = PBXBuildFile; fileRef = 01C76F23299F2397000F3B86 /* ListTableViewCell.xib */; };
		01C76F28299F268A000F3B86 /* VPBorderLabel.swift in Sources */ = {isa = PBXBuildFile; fileRef = 01C76F27299F268A000F3B86 /* VPBorderLabel.swift */; };
		01C76F2A299F27C8000F3B86 /* VPBorderLabelController.swift in Sources */ = {isa = PBXBuildFile; fileRef = 01C76F29299F27C8000F3B86 /* VPBorderLabelController.swift */; };
		01E2F6B129A87D4300332F13 /* VPPronounceController.swift in Sources */ = {isa = PBXBuildFile; fileRef = 01E2F6B029A87D4300332F13 /* VPPronounceController.swift */; };
		01E2F6B329A87DD800332F13 /* VPPronounceView.swift in Sources */ = {isa = PBXBuildFile; fileRef = 01E2F6B229A87DD800332F13 /* VPPronounceView.swift */; };
		01FAB3C629AA183600E70207 /* VPLearningReportController.swift in Sources */ = {isa = PBXBuildFile; fileRef = 01FAB3C529AA183600E70207 /* VPLearningReportController.swift */; };
		01FAB3CA29AA460100E70207 /* VPLearningReportView.swift in Sources */ = {isa = PBXBuildFile; fileRef = 01FAB3C929AA460100E70207 /* VPLearningReportView.swift */; };
		01FAB3CC29AB854200E70207 /* VPProgressView.swift in Sources */ = {isa = PBXBuildFile; fileRef = 01FAB3CB29AB854200E70207 /* VPProgressView.swift */; };
		01FAB3CE29AC60B800E70207 /* SceneCourseStudySummary.swift in Sources */ = {isa = PBXBuildFile; fileRef = 01FAB3CD29AC60B800E70207 /* SceneCourseStudySummary.swift */; };
		01FAB3D129ADC76000E70207 /* VPFollowReadingResultView.swift in Sources */ = {isa = PBXBuildFile; fileRef = 01FAB3D029ADC76000E70207 /* VPFollowReadingResultView.swift */; };
		01FAB3D429ADC77800E70207 /* VPFollowReadingController.swift in Sources */ = {isa = PBXBuildFile; fileRef = 01FAB3D229ADC77800E70207 /* VPFollowReadingController.swift */; };
		01FAB3D529ADC77800E70207 /* VPFollowReadingController.xib in Resources */ = {isa = PBXBuildFile; fileRef = 01FAB3D329ADC77800E70207 /* VPFollowReadingController.xib */; };
		01FAB3DC29AF2E0000E70207 /* Montserrat-Bold.otf in Resources */ = {isa = PBXBuildFile; fileRef = 01FAB3D729AF2E0000E70207 /* Montserrat-Bold.otf */; };
		01FAB3DD29AF2E0000E70207 /* RussoOne-Regular.ttf in Resources */ = {isa = PBXBuildFile; fileRef = 01FAB3D829AF2E0000E70207 /* RussoOne-Regular.ttf */; };
		01FAB3DE29AF2E0000E70207 /* Montserrat-Medium.otf in Resources */ = {isa = PBXBuildFile; fileRef = 01FAB3D929AF2E0000E70207 /* Montserrat-Medium.otf */; };
		01FAB3DF29AF2E0000E70207 /* Montserrat-Regular.otf in Resources */ = {isa = PBXBuildFile; fileRef = 01FAB3DA29AF2E0000E70207 /* Montserrat-Regular.otf */; };
		01FAB3E029AF2E0000E70207 /* Montserrat-SemiBold.otf in Resources */ = {isa = PBXBuildFile; fileRef = 01FAB3DB29AF2E0000E70207 /* Montserrat-SemiBold.otf */; };
		D03266D9366C94AA8DBF4510 /* Pods_VPProject.framework in Frameworks */ = {isa = PBXBuildFile; fileRef = 30585678472267F0001F9790 /* Pods_VPProject.framework */; };
/* End PBXBuildFile section */

/* Begin PBXFileReference section */
		0107DF0029B08499005138E4 /* Montserrat-ExtraBoldItalic.ttf */ = {isa = PBXFileReference; lastKnownFileType = file; path = "Montserrat-ExtraBoldItalic.ttf"; sourceTree = "<group>"; };
		0107DF0429B08A53005138E4 /* Montserrat-SemiBoldItalic.ttf */ = {isa = PBXFileReference; lastKnownFileType = file; path = "Montserrat-SemiBoldItalic.ttf"; sourceTree = "<group>"; };
		011570AF29A0C4D000B94616 /* VPItemCell.swift */ = {isa = PBXFileReference; lastKnownFileType = sourcecode.swift; path = VPItemCell.swift; sourceTree = "<group>"; };
		011570B429A214CE00B94616 /* VPDialogueView.swift */ = {isa = PBXFileReference; lastKnownFileType = sourcecode.swift; path = VPDialogueView.swift; sourceTree = "<group>"; };
		011570B629A2254600B94616 /* VPDialogueLeftCell.swift */ = {isa = PBXFileReference; lastKnownFileType = sourcecode.swift; path = VPDialogueLeftCell.swift; sourceTree = "<group>"; };
		011570B829A2255600B94616 /* VPDialogueRightCell.swift */ = {isa = PBXFileReference; lastKnownFileType = sourcecode.swift; path = VPDialogueRightCell.swift; sourceTree = "<group>"; };
		011570BB29A2295F00B94616 /* VPBorderView.swift */ = {isa = PBXFileReference; fileEncoding = 4; lastKnownFileType = sourcecode.swift; path = VPBorderView.swift; sourceTree = "<group>"; };
		011570BC29A2295F00B94616 /* VPGradientView.swift */ = {isa = PBXFileReference; fileEncoding = 4; lastKnownFileType = sourcecode.swift; path = VPGradientView.swift; sourceTree = "<group>"; };
		011570C129A3212A00B94616 /* VPDialogueController.swift */ = {isa = PBXFileReference; fileEncoding = 4; lastKnownFileType = sourcecode.swift; path = VPDialogueController.swift; sourceTree = "<group>"; };
		011570C329A3495400B94616 /* UIFont+Extension.swift */ = {isa = PBXFileReference; fileEncoding = 4; lastKnownFileType = sourcecode.swift; path = "UIFont+Extension.swift"; sourceTree = "<group>"; };
		011570C529A34E7800B94616 /* VPLineWaveView.swift */ = {isa = PBXFileReference; lastKnownFileType = sourcecode.swift; path = VPLineWaveView.swift; sourceTree = "<group>"; };
		011570C929A354F600B94616 /* VPLineWaveController.swift */ = {isa = PBXFileReference; lastKnownFileType = sourcecode.swift; path = VPLineWaveController.swift; sourceTree = "<group>"; };
		01610F2D29B6EBC30016D4F5 /* background_media.mp4 */ = {isa = PBXFileReference; lastKnownFileType = file; path = background_media.mp4; sourceTree = "<group>"; };
		01610F5129B7878E0016D4F5 /* VPIdentitySelectController.swift */ = {isa = PBXFileReference; lastKnownFileType = sourcecode.swift; path = VPIdentitySelectController.swift; sourceTree = "<group>"; };
		01610F5429B82FFC0016D4F5 /* VPLanguageItemCell.swift */ = {isa = PBXFileReference; fileEncoding = 4; lastKnownFileType = sourcecode.swift; path = VPLanguageItemCell.swift; sourceTree = "<group>"; };
		01610F5529B82FFC0016D4F5 /* VPSelectLanguageController.swift */ = {isa = PBXFileReference; fileEncoding = 4; lastKnownFileType = sourcecode.swift; path = VPSelectLanguageController.swift; sourceTree = "<group>"; };
		01610F5829B82FFC0016D4F5 /* Login.swift */ = {isa = PBXFileReference; fileEncoding = 4; lastKnownFileType = sourcecode.swift; path = Login.swift; sourceTree = "<group>"; };
		01610F5929B82FFC0016D4F5 /* VPLoginController.swift */ = {isa = PBXFileReference; fileEncoding = 4; lastKnownFileType = sourcecode.swift; path = VPLoginController.swift; sourceTree = "<group>"; };
		01610F5E29B8303F0016D4F5 /* VPRegistController.swift */ = {isa = PBXFileReference; lastKnownFileType = sourcecode.swift; path = VPRegistController.swift; sourceTree = "<group>"; };
		01610F6029B868A20016D4F5 /* LanguageSelectData.json */ = {isa = PBXFileReference; lastKnownFileType = text.json; path = LanguageSelectData.json; sourceTree = "<group>"; };
		01610F6229B877620016D4F5 /* LoginData.json */ = {isa = PBXFileReference; lastKnownFileType = text.json; path = LoginData.json; sourceTree = "<group>"; };
		01610F6429B882A00016D4F5 /* AlertPopupManager.swift */ = {isa = PBXFileReference; fileEncoding = 4; lastKnownFileType = sourcecode.swift; path = AlertPopupManager.swift; sourceTree = "<group>"; };
		01610F6629B888F00016D4F5 /* GreetingData.json */ = {isa = PBXFileReference; lastKnownFileType = text.json; path = GreetingData.json; sourceTree = "<group>"; };
		01610F6829B8D6180016D4F5 /* VPToastView.swift */ = {isa = PBXFileReference; lastKnownFileType = sourcecode.swift; path = VPToastView.swift; sourceTree = "<group>"; };
		01610F6A29B970A20016D4F5 /* IdentityData.json */ = {isa = PBXFileReference; lastKnownFileType = text.json; path = IdentityData.json; sourceTree = "<group>"; };
		0163A47D29B1E3C8007DB7C4 /* VPRegistOrLoginController.swift */ = {isa = PBXFileReference; lastKnownFileType = sourcecode.swift; path = VPRegistOrLoginController.swift; sourceTree = "<group>"; };
		0163A48029B33B07007DB7C4 /* VPGuideProcessController.swift */ = {isa = PBXFileReference; lastKnownFileType = sourcecode.swift; path = VPGuideProcessController.swift; sourceTree = "<group>"; };
		0163A48229B46189007DB7C4 /* VPIdentitySelectView.swift */ = {isa = PBXFileReference; lastKnownFileType = sourcecode.swift; path = VPIdentitySelectView.swift; sourceTree = "<group>"; };
		0163A48429B46673007DB7C4 /* VPIdentityView.swift */ = {isa = PBXFileReference; lastKnownFileType = sourcecode.swift; path = VPIdentityView.swift; sourceTree = "<group>"; };
		0163A48829B5E4CD007DB7C4 /* UICommonButton.swift */ = {isa = PBXFileReference; fileEncoding = 4; lastKnownFileType = sourcecode.swift; path = UICommonButton.swift; sourceTree = "<group>"; };
		0163A48929B5E4CD007DB7C4 /* UIView+Extension.swift */ = {isa = PBXFileReference; fileEncoding = 4; lastKnownFileType = sourcecode.swift; path = "UIView+Extension.swift"; sourceTree = "<group>"; };
		0164B145299F5E500016A4A2 /* VPItemsSelectView.swift */ = {isa = PBXFileReference; fileEncoding = 4; lastKnownFileType = sourcecode.swift; path = VPItemsSelectView.swift; sourceTree = "<group>"; };
		0164B147299F6A550016A4A2 /* VPItemsSelectController.swift */ = {isa = PBXFileReference; lastKnownFileType = sourcecode.swift; path = VPItemsSelectController.swift; sourceTree = "<group>"; };
		016EC94429A63ACD00A107ED /* VPGradientTextView.swift */ = {isa = PBXFileReference; lastKnownFileType = sourcecode.swift; path = VPGradientTextView.swift; sourceTree = "<group>"; };
		016EC94829A6575000A107ED /* VPStrokeTextLabel.swift */ = {isa = PBXFileReference; lastKnownFileType = sourcecode.swift; path = VPStrokeTextLabel.swift; sourceTree = "<group>"; };
		016EC94A29A744F400A107ED /* VPPolygonBorderView.swift */ = {isa = PBXFileReference; lastKnownFileType = sourcecode.swift; path = VPPolygonBorderView.swift; sourceTree = "<group>"; };
		016EC94D29A7471300A107ED /* VPPolygonBorderController.swift */ = {isa = PBXFileReference; lastKnownFileType = sourcecode.swift; path = VPPolygonBorderController.swift; sourceTree = "<group>"; };
		01AB78EE29A4E44900E311E8 /* VPFinishedController.swift */ = {isa = PBXFileReference; lastKnownFileType = sourcecode.swift; path = VPFinishedController.swift; sourceTree = "<group>"; };
		01AB78F029A4E4D500E311E8 /* VPFinishedView.swift */ = {isa = PBXFileReference; lastKnownFileType = sourcecode.swift; path = VPFinishedView.swift; sourceTree = "<group>"; };
		01C76F09299E2CE9000F3B86 /* VPProject.app */ = {isa = PBXFileReference; explicitFileType = wrapper.application; includeInIndex = 0; path = VPProject.app; sourceTree = BUILT_PRODUCTS_DIR; };
		01C76F0C299E2CE9000F3B86 /* AppDelegate.swift */ = {isa = PBXFileReference; lastKnownFileType = sourcecode.swift; path = AppDelegate.swift; sourceTree = "<group>"; };
		01C76F0E299E2CE9000F3B86 /* SceneDelegate.swift */ = {isa = PBXFileReference; lastKnownFileType = sourcecode.swift; path = SceneDelegate.swift; sourceTree = "<group>"; };
		01C76F10299E2CE9000F3B86 /* ViewController.swift */ = {isa = PBXFileReference; lastKnownFileType = sourcecode.swift; path = ViewController.swift; sourceTree = "<group>"; };
		01C76F13299E2CE9000F3B86 /* Base */ = {isa = PBXFileReference; lastKnownFileType = file.storyboard; name = Base; path = Base.lproj/Main.storyboard; sourceTree = "<group>"; };
		01C76F15299E2CE9000F3B86 /* Assets.xcassets */ = {isa = PBXFileReference; lastKnownFileType = folder.assetcatalog; path = Assets.xcassets; sourceTree = "<group>"; };
		01C76F18299E2CE9000F3B86 /* Base */ = {isa = PBXFileReference; lastKnownFileType = file.storyboard; name = Base; path = Base.lproj/LaunchScreen.storyboard; sourceTree = "<group>"; };
		01C76F1A299E2CE9000F3B86 /* Info.plist */ = {isa = PBXFileReference; lastKnownFileType = text.plist.xml; path = Info.plist; sourceTree = "<group>"; };
		01C76F22299F2397000F3B86 /* ListTableViewCell.swift */ = {isa = PBXFileReference; lastKnownFileType = sourcecode.swift; path = ListTableViewCell.swift; sourceTree = "<group>"; };
		01C76F23299F2397000F3B86 /* ListTableViewCell.xib */ = {isa = PBXFileReference; lastKnownFileType = file.xib; path = ListTableViewCell.xib; sourceTree = "<group>"; };
		01C76F27299F268A000F3B86 /* VPBorderLabel.swift */ = {isa = PBXFileReference; lastKnownFileType = sourcecode.swift; path = VPBorderLabel.swift; sourceTree = "<group>"; };
		01C76F29299F27C8000F3B86 /* VPBorderLabelController.swift */ = {isa = PBXFileReference; lastKnownFileType = sourcecode.swift; path = VPBorderLabelController.swift; sourceTree = "<group>"; };
		01E2F6B029A87D4300332F13 /* VPPronounceController.swift */ = {isa = PBXFileReference; lastKnownFileType = sourcecode.swift; path = VPPronounceController.swift; sourceTree = "<group>"; };
		01E2F6B229A87DD800332F13 /* VPPronounceView.swift */ = {isa = PBXFileReference; lastKnownFileType = sourcecode.swift; path = VPPronounceView.swift; sourceTree = "<group>"; };
		01FAB3C529AA183600E70207 /* VPLearningReportController.swift */ = {isa = PBXFileReference; lastKnownFileType = sourcecode.swift; path = VPLearningReportController.swift; sourceTree = "<group>"; };
		01FAB3C929AA460100E70207 /* VPLearningReportView.swift */ = {isa = PBXFileReference; lastKnownFileType = sourcecode.swift; path = VPLearningReportView.swift; sourceTree = "<group>"; };
		01FAB3CB29AB854200E70207 /* VPProgressView.swift */ = {isa = PBXFileReference; lastKnownFileType = sourcecode.swift; path = VPProgressView.swift; sourceTree = "<group>"; };
		01FAB3CD29AC60B800E70207 /* SceneCourseStudySummary.swift */ = {isa = PBXFileReference; fileEncoding = 4; lastKnownFileType = sourcecode.swift; path = SceneCourseStudySummary.swift; sourceTree = "<group>"; };
		01FAB3D029ADC76000E70207 /* VPFollowReadingResultView.swift */ = {isa = PBXFileReference; lastKnownFileType = sourcecode.swift; path = VPFollowReadingResultView.swift; sourceTree = "<group>"; };
		01FAB3D229ADC77800E70207 /* VPFollowReadingController.swift */ = {isa = PBXFileReference; lastKnownFileType = sourcecode.swift; path = VPFollowReadingController.swift; sourceTree = "<group>"; };
		01FAB3D329ADC77800E70207 /* VPFollowReadingController.xib */ = {isa = PBXFileReference; lastKnownFileType = file.xib; path = VPFollowReadingController.xib; sourceTree = "<group>"; };
		01FAB3D729AF2E0000E70207 /* Montserrat-Bold.otf */ = {isa = PBXFileReference; lastKnownFileType = file; path = "Montserrat-Bold.otf"; sourceTree = "<group>"; };
		01FAB3D829AF2E0000E70207 /* RussoOne-Regular.ttf */ = {isa = PBXFileReference; lastKnownFileType = file; path = "RussoOne-Regular.ttf"; sourceTree = "<group>"; };
		01FAB3D929AF2E0000E70207 /* Montserrat-Medium.otf */ = {isa = PBXFileReference; lastKnownFileType = file; path = "Montserrat-Medium.otf"; sourceTree = "<group>"; };
		01FAB3DA29AF2E0000E70207 /* Montserrat-Regular.otf */ = {isa = PBXFileReference; lastKnownFileType = file; path = "Montserrat-Regular.otf"; sourceTree = "<group>"; };
		01FAB3DB29AF2E0000E70207 /* Montserrat-SemiBold.otf */ = {isa = PBXFileReference; lastKnownFileType = file; path = "Montserrat-SemiBold.otf"; sourceTree = "<group>"; };
		30585678472267F0001F9790 /* Pods_VPProject.framework */ = {isa = PBXFileReference; explicitFileType = wrapper.framework; includeInIndex = 0; path = Pods_VPProject.framework; sourceTree = BUILT_PRODUCTS_DIR; };
		50688C4A03E850EE41023470 /* Pods-VPProject.debug.xcconfig */ = {isa = PBXFileReference; includeInIndex = 1; lastKnownFileType = text.xcconfig; name = "Pods-VPProject.debug.xcconfig"; path = "Target Support Files/Pods-VPProject/Pods-VPProject.debug.xcconfig"; sourceTree = "<group>"; };
		EFBE52073CBB14B2BFB87F11 /* Pods-VPProject.release.xcconfig */ = {isa = PBXFileReference; includeInIndex = 1; lastKnownFileType = text.xcconfig; name = "Pods-VPProject.release.xcconfig"; path = "Target Support Files/Pods-VPProject/Pods-VPProject.release.xcconfig"; sourceTree = "<group>"; };
/* End PBXFileReference section */

/* Begin PBXFrameworksBuildPhase section */
		01C76F06299E2CE9000F3B86 /* Frameworks */ = {
			isa = PBXFrameworksBuildPhase;
			buildActionMask = 2147483647;
			files = (
				D03266D9366C94AA8DBF4510 /* Pods_VPProject.framework in Frameworks */,
			);
			runOnlyForDeploymentPostprocessing = 0;
		};
/* End PBXFrameworksBuildPhase section */

/* Begin PBXGroup section */
		011570B129A2137800B94616 /* VPDialogue */ = {
			isa = PBXGroup;
			children = (
				011570B429A214CE00B94616 /* VPDialogueView.swift */,
				011570B629A2254600B94616 /* VPDialogueLeftCell.swift */,
				011570B829A2255600B94616 /* VPDialogueRightCell.swift */,
				011570C129A3212A00B94616 /* VPDialogueController.swift */,
			);
			path = VPDialogue;
			sourceTree = "<group>";
		};
		011570BA29A2295F00B94616 /* CommonView */ = {
			isa = PBXGroup;
			children = (
				011570BB29A2295F00B94616 /* VPBorderView.swift */,
				011570BC29A2295F00B94616 /* VPGradientView.swift */,
				011570C529A34E7800B94616 /* VPLineWaveView.swift */,
				016EC94429A63ACD00A107ED /* VPGradientTextView.swift */,
				016EC94829A6575000A107ED /* VPStrokeTextLabel.swift */,
				016EC94A29A744F400A107ED /* VPPolygonBorderView.swift */,
			);
			path = CommonView;
			sourceTree = "<group>";
		};
		011570C829A354D500B94616 /* LineWave */ = {
			isa = PBXGroup;
			children = (
				011570C929A354F600B94616 /* VPLineWaveController.swift */,
			);
			path = LineWave;
			sourceTree = "<group>";
		};
		01610F5329B82FFC0016D4F5 /* LanguageSelect */ = {
			isa = PBXGroup;
			children = (
				01610F6029B868A20016D4F5 /* LanguageSelectData.json */,
				01610F5529B82FFC0016D4F5 /* VPSelectLanguageController.swift */,
				01610F5429B82FFC0016D4F5 /* VPLanguageItemCell.swift */,
			);
			path = LanguageSelect;
			sourceTree = "<group>";
		};
		01610F5629B82FFC0016D4F5 /* Regist */ = {
			isa = PBXGroup;
			children = (
				01610F5E29B8303F0016D4F5 /* VPRegistController.swift */,
			);
			path = Regist;
			sourceTree = "<group>";
		};
		01610F5729B82FFC0016D4F5 /* Login */ = {
			isa = PBXGroup;
			children = (
				01610F5829B82FFC0016D4F5 /* Login.swift */,
				01610F5929B82FFC0016D4F5 /* VPLoginController.swift */,
				01610F6229B877620016D4F5 /* LoginData.json */,
			);
			path = Login;
			sourceTree = "<group>";
		};
		0163A47C29B1E324007DB7C4 /* RegistOrLogin */ = {
			isa = PBXGroup;
			children = (
				0163A47D29B1E3C8007DB7C4 /* VPRegistOrLoginController.swift */,
				01610F5329B82FFC0016D4F5 /* LanguageSelect */,
				01610F5729B82FFC0016D4F5 /* Login */,
				01610F5629B82FFC0016D4F5 /* Regist */,
			);
			path = RegistOrLogin;
			sourceTree = "<group>";
		};
		0163A47F29B33AC0007DB7C4 /* GuideProcess */ = {
			isa = PBXGroup;
			children = (
				0163A48029B33B07007DB7C4 /* VPGuideProcessController.swift */,
				01610F5129B7878E0016D4F5 /* VPIdentitySelectController.swift */,
				0163A48229B46189007DB7C4 /* VPIdentitySelectView.swift */,
				0163A48429B46673007DB7C4 /* VPIdentityView.swift */,
				01610F6629B888F00016D4F5 /* GreetingData.json */,
				01610F6A29B970A20016D4F5 /* IdentityData.json */,
			);
			path = GuideProcess;
			sourceTree = "<group>";
		};
		0164B144299F5E500016A4A2 /* VPItemsSelectView */ = {
			isa = PBXGroup;
			children = (
				0164B145299F5E500016A4A2 /* VPItemsSelectView.swift */,
				011570AF29A0C4D000B94616 /* VPItemCell.swift */,
				0164B147299F6A550016A4A2 /* VPItemsSelectController.swift */,
			);
			path = VPItemsSelectView;
			sourceTree = "<group>";
		};
		016EC94C29A746AC00A107ED /* PolygonBorder */ = {
			isa = PBXGroup;
			children = (
				01AB78F029A4E4D500E311E8 /* VPFinishedView.swift */,
				016EC94D29A7471300A107ED /* VPPolygonBorderController.swift */,
			);
			path = PolygonBorder;
			sourceTree = "<group>";
		};
		01AB78ED29A4E32000E311E8 /* FinishedPage */ = {
			isa = PBXGroup;
			children = (
				01AB78EE29A4E44900E311E8 /* VPFinishedController.swift */,
			);
			path = FinishedPage;
			sourceTree = "<group>";
		};
		01C76F00299E2CE9000F3B86 = {
			isa = PBXGroup;
			children = (
				01C76F0B299E2CE9000F3B86 /* VPProject */,
				01C76F0A299E2CE9000F3B86 /* Products */,
				19B0D1618D26A6FAF0D42682 /* Pods */,
				746D307DB3208AE5B05DBE71 /* Frameworks */,
			);
			sourceTree = "<group>";
		};
		01C76F0A299E2CE9000F3B86 /* Products */ = {
			isa = PBXGroup;
			children = (
				01C76F09299E2CE9000F3B86 /* VPProject.app */,
			);
			name = Products;
			sourceTree = "<group>";
		};
		01C76F0B299E2CE9000F3B86 /* VPProject */ = {
			isa = PBXGroup;
			children = (
				01C76F0C299E2CE9000F3B86 /* AppDelegate.swift */,
				01C76F0E299E2CE9000F3B86 /* SceneDelegate.swift */,
				01C76F10299E2CE9000F3B86 /* ViewController.swift */,
				01C76F22299F2397000F3B86 /* ListTableViewCell.swift */,
				01C76F23299F2397000F3B86 /* ListTableViewCell.xib */,
				011570C329A3495400B94616 /* UIFont+Extension.swift */,
				0163A48829B5E4CD007DB7C4 /* UICommonButton.swift */,
				0163A48929B5E4CD007DB7C4 /* UIView+Extension.swift */,
				01610F6429B882A00016D4F5 /* AlertPopupManager.swift */,
				01610F6829B8D6180016D4F5 /* VPToastView.swift */,
				0163A47F29B33AC0007DB7C4 /* GuideProcess */,
				0163A47C29B1E324007DB7C4 /* RegistOrLogin */,
				01FAB3CF29ADC6F500E70207 /* FollowReadingResult */,
				01FAB3C429AA17D000E70207 /* VPLearningReport */,
				01E2F6AF29A87D3100332F13 /* PronounceIndicator */,
				016EC94C29A746AC00A107ED /* PolygonBorder */,
				01AB78ED29A4E32000E311E8 /* FinishedPage */,
				011570C829A354D500B94616 /* LineWave */,
				011570B129A2137800B94616 /* VPDialogue */,
				01C76F26299F2677000F3B86 /* BorderLabel */,
				0164B144299F5E500016A4A2 /* VPItemsSelectView */,
				011570BA29A2295F00B94616 /* CommonView */,
				01610F2D29B6EBC30016D4F5 /* background_media.mp4 */,
				01C76F12299E2CE9000F3B86 /* Main.storyboard */,
				01C76F15299E2CE9000F3B86 /* Assets.xcassets */,
				01C76F17299E2CE9000F3B86 /* LaunchScreen.storyboard */,
				01C76F1A299E2CE9000F3B86 /* Info.plist */,
				01FAB3D629AF2E0000E70207 /* montserrat */,
			);
			path = VPProject;
			sourceTree = "<group>";
		};
		01C76F26299F2677000F3B86 /* BorderLabel */ = {
			isa = PBXGroup;
			children = (
				01C76F27299F268A000F3B86 /* VPBorderLabel.swift */,
				01C76F29299F27C8000F3B86 /* VPBorderLabelController.swift */,
			);
			path = BorderLabel;
			sourceTree = "<group>";
		};
		01E2F6AF29A87D3100332F13 /* PronounceIndicator */ = {
			isa = PBXGroup;
			children = (
				01E2F6B029A87D4300332F13 /* VPPronounceController.swift */,
				01E2F6B229A87DD800332F13 /* VPPronounceView.swift */,
			);
			path = PronounceIndicator;
			sourceTree = "<group>";
		};
		01FAB3C429AA17D000E70207 /* VPLearningReport */ = {
			isa = PBXGroup;
			children = (
				01FAB3C529AA183600E70207 /* VPLearningReportController.swift */,
				01FAB3C929AA460100E70207 /* VPLearningReportView.swift */,
				01FAB3CB29AB854200E70207 /* VPProgressView.swift */,
				01FAB3CD29AC60B800E70207 /* SceneCourseStudySummary.swift */,
			);
			path = VPLearningReport;
			sourceTree = "<group>";
		};
		01FAB3CF29ADC6F500E70207 /* FollowReadingResult */ = {
			isa = PBXGroup;
			children = (
				01FAB3D029ADC76000E70207 /* VPFollowReadingResultView.swift */,
				01FAB3D229ADC77800E70207 /* VPFollowReadingController.swift */,
				01FAB3D329ADC77800E70207 /* VPFollowReadingController.xib */,
			);
			path = FollowReadingResult;
			sourceTree = "<group>";
		};
		01FAB3D629AF2E0000E70207 /* montserrat */ = {
			isa = PBXGroup;
			children = (
				0107DF0429B08A53005138E4 /* Montserrat-SemiBoldItalic.ttf */,
				0107DF0029B08499005138E4 /* Montserrat-ExtraBoldItalic.ttf */,
				01FAB3D729AF2E0000E70207 /* Montserrat-Bold.otf */,
				01FAB3D829AF2E0000E70207 /* RussoOne-Regular.ttf */,
				01FAB3D929AF2E0000E70207 /* Montserrat-Medium.otf */,
				01FAB3DA29AF2E0000E70207 /* Montserrat-Regular.otf */,
				01FAB3DB29AF2E0000E70207 /* Montserrat-SemiBold.otf */,
			);
			path = montserrat;
			sourceTree = "<group>";
		};
		19B0D1618D26A6FAF0D42682 /* Pods */ = {
			isa = PBXGroup;
			children = (
				50688C4A03E850EE41023470 /* Pods-VPProject.debug.xcconfig */,
				EFBE52073CBB14B2BFB87F11 /* Pods-VPProject.release.xcconfig */,
			);
			path = Pods;
			sourceTree = "<group>";
		};
		746D307DB3208AE5B05DBE71 /* Frameworks */ = {
			isa = PBXGroup;
			children = (
				30585678472267F0001F9790 /* Pods_VPProject.framework */,
			);
			name = Frameworks;
			sourceTree = "<group>";
		};
/* End PBXGroup section */

/* Begin PBXNativeTarget section */
		01C76F08299E2CE9000F3B86 /* VPProject */ = {
			isa = PBXNativeTarget;
			buildConfigurationList = 01C76F1D299E2CE9000F3B86 /* Build configuration list for PBXNativeTarget "VPProject" */;
			buildPhases = (
				E5DCA0C4A44212B79894A22C /* [CP] Check Pods Manifest.lock */,
				01C76F05299E2CE9000F3B86 /* Sources */,
				01C76F06299E2CE9000F3B86 /* Frameworks */,
				01C76F07299E2CE9000F3B86 /* Resources */,
				72EC340D70DF4506ABAFE42D /* [CP] Embed Pods Frameworks */,
			);
			buildRules = (
			);
			dependencies = (
			);
			name = VPProject;
			productName = VPProject;
			productReference = 01C76F09299E2CE9000F3B86 /* VPProject.app */;
			productType = "com.apple.product-type.application";
		};
/* End PBXNativeTarget section */

/* Begin PBXProject section */
		01C76F01299E2CE9000F3B86 /* Project object */ = {
			isa = PBXProject;
			attributes = {
				BuildIndependentTargetsInParallel = 1;
				CLASSPREFIX = VP;
				LastSwiftUpdateCheck = 1420;
				LastUpgradeCheck = 1420;
				TargetAttributes = {
					01C76F08299E2CE9000F3B86 = {
						CreatedOnToolsVersion = 14.2;
					};
				};
			};
			buildConfigurationList = 01C76F04299E2CE9000F3B86 /* Build configuration list for PBXProject "VPProject" */;
			compatibilityVersion = "Xcode 14.0";
			developmentRegion = en;
			hasScannedForEncodings = 0;
			knownRegions = (
				en,
				Base,
			);
			mainGroup = 01C76F00299E2CE9000F3B86;
			productRefGroup = 01C76F0A299E2CE9000F3B86 /* Products */;
			projectDirPath = "";
			projectRoot = "";
			targets = (
				01C76F08299E2CE9000F3B86 /* VPProject */,
			);
		};
/* End PBXProject section */

/* Begin PBXResourcesBuildPhase section */
		01C76F07299E2CE9000F3B86 /* Resources */ = {
			isa = PBXResourcesBuildPhase;
			buildActionMask = 2147483647;
			files = (
				01C76F19299E2CE9000F3B86 /* LaunchScreen.storyboard in Resources */,
				01FAB3DE29AF2E0000E70207 /* Montserrat-Medium.otf in Resources */,
				01610F6B29B970A20016D4F5 /* IdentityData.json in Resources */,
				01C76F25299F2397000F3B86 /* ListTableViewCell.xib in Resources */,
				01FAB3DD29AF2E0000E70207 /* RussoOne-Regular.ttf in Resources */,
				01610F2E29B6EBC30016D4F5 /* background_media.mp4 in Resources */,
				01FAB3D529ADC77800E70207 /* VPFollowReadingController.xib in Resources */,
				01C76F16299E2CE9000F3B86 /* Assets.xcassets in Resources */,
				0107DF0529B08A53005138E4 /* Montserrat-SemiBoldItalic.ttf in Resources */,
				01610F6729B888F00016D4F5 /* GreetingData.json in Resources */,
				01C76F14299E2CE9000F3B86 /* Main.storyboard in Resources */,
				01FAB3DC29AF2E0000E70207 /* Montserrat-Bold.otf in Resources */,
				01610F6329B877620016D4F5 /* LoginData.json in Resources */,
				01FAB3DF29AF2E0000E70207 /* Montserrat-Regular.otf in Resources */,
				01FAB3E029AF2E0000E70207 /* Montserrat-SemiBold.otf in Resources */,
				01610F6129B868A20016D4F5 /* LanguageSelectData.json in Resources */,
				0107DF0129B08499005138E4 /* Montserrat-ExtraBoldItalic.ttf in Resources */,
			);
			runOnlyForDeploymentPostprocessing = 0;
		};
/* End PBXResourcesBuildPhase section */

/* Begin PBXShellScriptBuildPhase section */
		72EC340D70DF4506ABAFE42D /* [CP] Embed Pods Frameworks */ = {
			isa = PBXShellScriptBuildPhase;
			buildActionMask = 2147483647;
			files = (
			);
			inputFileListPaths = (
				"${PODS_ROOT}/Target Support Files/Pods-VPProject/Pods-VPProject-frameworks-${CONFIGURATION}-input-files.xcfilelist",
			);
			name = "[CP] Embed Pods Frameworks";
			outputFileListPaths = (
				"${PODS_ROOT}/Target Support Files/Pods-VPProject/Pods-VPProject-frameworks-${CONFIGURATION}-output-files.xcfilelist",
			);
			runOnlyForDeploymentPostprocessing = 0;
			shellPath = /bin/sh;
			shellScript = "\"${PODS_ROOT}/Target Support Files/Pods-VPProject/Pods-VPProject-frameworks.sh\"\n";
			showEnvVarsInLog = 0;
		};
		E5DCA0C4A44212B79894A22C /* [CP] Check Pods Manifest.lock */ = {
			isa = PBXShellScriptBuildPhase;
			buildActionMask = 2147483647;
			files = (
			);
			inputFileListPaths = (
			);
			inputPaths = (
				"${PODS_PODFILE_DIR_PATH}/Podfile.lock",
				"${PODS_ROOT}/Manifest.lock",
			);
			name = "[CP] Check Pods Manifest.lock";
			outputFileListPaths = (
			);
			outputPaths = (
				"$(DERIVED_FILE_DIR)/Pods-VPProject-checkManifestLockResult.txt",
			);
			runOnlyForDeploymentPostprocessing = 0;
			shellPath = /bin/sh;
			shellScript = "diff \"${PODS_PODFILE_DIR_PATH}/Podfile.lock\" \"${PODS_ROOT}/Manifest.lock\" > /dev/null\nif [ $? != 0 ] ; then\n    # print error to STDERR\n    echo \"error: The sandbox is not in sync with the Podfile.lock. Run 'pod install' or update your CocoaPods installation.\" >&2\n    exit 1\nfi\n# This output is used by Xcode 'outputs' to avoid re-running this script phase.\necho \"SUCCESS\" > \"${SCRIPT_OUTPUT_FILE_0}\"\n";
			showEnvVarsInLog = 0;
		};
/* End PBXShellScriptBuildPhase section */

/* Begin PBXSourcesBuildPhase section */
		01C76F05299E2CE9000F3B86 /* Sources */ = {
			isa = PBXSourcesBuildPhase;
			buildActionMask = 2147483647;
			files = (
				01C76F11299E2CE9000F3B86 /* ViewController.swift in Sources */,
				01C76F2A299F27C8000F3B86 /* VPBorderLabelController.swift in Sources */,
				011570B929A2255600B94616 /* VPDialogueRightCell.swift in Sources */,
				0163A48329B46189007DB7C4 /* VPIdentitySelectView.swift in Sources */,
				01C76F0D299E2CE9000F3B86 /* AppDelegate.swift in Sources */,
				01C76F0F299E2CE9000F3B86 /* SceneDelegate.swift in Sources */,
				016EC94B29A744F400A107ED /* VPPolygonBorderView.swift in Sources */,
				01FAB3CA29AA460100E70207 /* VPLearningReportView.swift in Sources */,
				01FAB3C629AA183600E70207 /* VPLearningReportController.swift in Sources */,
				016EC94929A6575000A107ED /* VPStrokeTextLabel.swift in Sources */,
				011570C229A3212A00B94616 /* VPDialogueController.swift in Sources */,
				01610F5229B7878E0016D4F5 /* VPIdentitySelectController.swift in Sources */,
				01610F5A29B82FFC0016D4F5 /* VPLanguageItemCell.swift in Sources */,
				01E2F6B329A87DD800332F13 /* VPPronounceView.swift in Sources */,
				011570CA29A354F600B94616 /* VPLineWaveController.swift in Sources */,
				0163A48129B33B07007DB7C4 /* VPGuideProcessController.swift in Sources */,
				01FAB3CC29AB854200E70207 /* VPProgressView.swift in Sources */,
				01E2F6B129A87D4300332F13 /* VPPronounceController.swift in Sources */,
				0164B149299F6A550016A4A2 /* VPItemsSelectController.swift in Sources */,
				016EC94E29A7471300A107ED /* VPPolygonBorderController.swift in Sources */,
				0163A48A29B5E4CD007DB7C4 /* UICommonButton.swift in Sources */,
				01610F5C29B82FFC0016D4F5 /* Login.swift in Sources */,
				011570B029A0C4D000B94616 /* VPItemCell.swift in Sources */,
				01FAB3D429ADC77800E70207 /* VPFollowReadingController.swift in Sources */,
				01FAB3D129ADC76000E70207 /* VPFollowReadingResultView.swift in Sources */,
				01610F5D29B82FFC0016D4F5 /* VPLoginController.swift in Sources */,
				01C76F28299F268A000F3B86 /* VPBorderLabel.swift in Sources */,
				011570C629A34E7800B94616 /* VPLineWaveView.swift in Sources */,
				0164B146299F5E500016A4A2 /* VPItemsSelectView.swift in Sources */,
				0163A47E29B1E3C8007DB7C4 /* VPRegistOrLoginController.swift in Sources */,
				0163A48B29B5E4CD007DB7C4 /* UIView+Extension.swift in Sources */,
				01610F5B29B82FFC0016D4F5 /* VPSelectLanguageController.swift in Sources */,
				01FAB3CE29AC60B800E70207 /* SceneCourseStudySummary.swift in Sources */,
				01C76F24299F2397000F3B86 /* ListTableViewCell.swift in Sources */,
				011570B729A2254600B94616 /* VPDialogueLeftCell.swift in Sources */,
				011570BE29A2295F00B94616 /* VPGradientView.swift in Sources */,
				01610F6929B8D6180016D4F5 /* VPToastView.swift in Sources */,
				01AB78EF29A4E44900E311E8 /* VPFinishedController.swift in Sources */,
				011570BD29A2295F00B94616 /* VPBorderView.swift in Sources */,
				011570C429A3495400B94616 /* UIFont+Extension.swift in Sources */,
				016EC94529A63ACD00A107ED /* VPGradientTextView.swift in Sources */,
				0163A48529B46673007DB7C4 /* VPIdentityView.swift in Sources */,
				01AB78F129A4E4D500E311E8 /* VPFinishedView.swift in Sources */,
				011570B529A214CE00B94616 /* VPDialogueView.swift in Sources */,
				01610F5F29B8303F0016D4F5 /* VPRegistController.swift in Sources */,
			);
			runOnlyForDeploymentPostprocessing = 0;
		};
/* End PBXSourcesBuildPhase section */

/* Begin PBXVariantGroup section */
		01C76F12299E2CE9000F3B86 /* Main.storyboard */ = {
			isa = PBXVariantGroup;
			children = (
				01C76F13299E2CE9000F3B86 /* Base */,
			);
			name = Main.storyboard;
			sourceTree = "<group>";
		};
		01C76F17299E2CE9000F3B86 /* LaunchScreen.storyboard */ = {
			isa = PBXVariantGroup;
			children = (
				01C76F18299E2CE9000F3B86 /* Base */,
			);
			name = LaunchScreen.storyboard;
			sourceTree = "<group>";
		};
/* End PBXVariantGroup section */

/* Begin XCBuildConfiguration section */
		01C76F1B299E2CE9000F3B86 /* Debug */ = {
			isa = XCBuildConfiguration;
			buildSettings = {
				ALWAYS_SEARCH_USER_PATHS = NO;
				CLANG_ANALYZER_NONNULL = YES;
				CLANG_ANALYZER_NUMBER_OBJECT_CONVERSION = YES_AGGRESSIVE;
				CLANG_CXX_LANGUAGE_STANDARD = "gnu++20";
				CLANG_ENABLE_MODULES = YES;
				CLANG_ENABLE_OBJC_ARC = YES;
				CLANG_ENABLE_OBJC_WEAK = YES;
				CLANG_WARN_BLOCK_CAPTURE_AUTORELEASING = YES;
				CLANG_WARN_BOOL_CONVERSION = YES;
				CLANG_WARN_COMMA = YES;
				CLANG_WARN_CONSTANT_CONVERSION = YES;
				CLANG_WARN_DEPRECATED_OBJC_IMPLEMENTATIONS = YES;
				CLANG_WARN_DIRECT_OBJC_ISA_USAGE = YES_ERROR;
				CLANG_WARN_DOCUMENTATION_COMMENTS = YES;
				CLANG_WARN_EMPTY_BODY = YES;
				CLANG_WARN_ENUM_CONVERSION = YES;
				CLANG_WARN_INFINITE_RECURSION = YES;
				CLANG_WARN_INT_CONVERSION = YES;
				CLANG_WARN_NON_LITERAL_NULL_CONVERSION = YES;
				CLANG_WARN_OBJC_IMPLICIT_RETAIN_SELF = YES;
				CLANG_WARN_OBJC_LITERAL_CONVERSION = YES;
				CLANG_WARN_OBJC_ROOT_CLASS = YES_ERROR;
				CLANG_WARN_QUOTED_INCLUDE_IN_FRAMEWORK_HEADER = YES;
				CLANG_WARN_RANGE_LOOP_ANALYSIS = YES;
				CLANG_WARN_STRICT_PROTOTYPES = YES;
				CLANG_WARN_SUSPICIOUS_MOVE = YES;
				CLANG_WARN_UNGUARDED_AVAILABILITY = YES_AGGRESSIVE;
				CLANG_WARN_UNREACHABLE_CODE = YES;
				CLANG_WARN__DUPLICATE_METHOD_MATCH = YES;
				COPY_PHASE_STRIP = NO;
				DEBUG_INFORMATION_FORMAT = dwarf;
				ENABLE_STRICT_OBJC_MSGSEND = YES;
				ENABLE_TESTABILITY = YES;
				GCC_C_LANGUAGE_STANDARD = gnu11;
				GCC_DYNAMIC_NO_PIC = NO;
				GCC_NO_COMMON_BLOCKS = YES;
				GCC_OPTIMIZATION_LEVEL = 0;
				GCC_PREPROCESSOR_DEFINITIONS = (
					"DEBUG=1",
					"$(inherited)",
				);
				GCC_WARN_64_TO_32_BIT_CONVERSION = YES;
				GCC_WARN_ABOUT_RETURN_TYPE = YES_ERROR;
				GCC_WARN_UNDECLARED_SELECTOR = YES;
				GCC_WARN_UNINITIALIZED_AUTOS = YES_AGGRESSIVE;
				GCC_WARN_UNUSED_FUNCTION = YES;
				GCC_WARN_UNUSED_VARIABLE = YES;
				IPHONEOS_DEPLOYMENT_TARGET = 16.2;
				MTL_ENABLE_DEBUG_INFO = INCLUDE_SOURCE;
				MTL_FAST_MATH = YES;
				ONLY_ACTIVE_ARCH = YES;
				SDKROOT = iphoneos;
				SWIFT_ACTIVE_COMPILATION_CONDITIONS = DEBUG;
				SWIFT_OPTIMIZATION_LEVEL = "-Onone";
			};
			name = Debug;
		};
		01C76F1C299E2CE9000F3B86 /* Release */ = {
			isa = XCBuildConfiguration;
			buildSettings = {
				ALWAYS_SEARCH_USER_PATHS = NO;
				CLANG_ANALYZER_NONNULL = YES;
				CLANG_ANALYZER_NUMBER_OBJECT_CONVERSION = YES_AGGRESSIVE;
				CLANG_CXX_LANGUAGE_STANDARD = "gnu++20";
				CLANG_ENABLE_MODULES = YES;
				CLANG_ENABLE_OBJC_ARC = YES;
				CLANG_ENABLE_OBJC_WEAK = YES;
				CLANG_WARN_BLOCK_CAPTURE_AUTORELEASING = YES;
				CLANG_WARN_BOOL_CONVERSION = YES;
				CLANG_WARN_COMMA = YES;
				CLANG_WARN_CONSTANT_CONVERSION = YES;
				CLANG_WARN_DEPRECATED_OBJC_IMPLEMENTATIONS = YES;
				CLANG_WARN_DIRECT_OBJC_ISA_USAGE = YES_ERROR;
				CLANG_WARN_DOCUMENTATION_COMMENTS = YES;
				CLANG_WARN_EMPTY_BODY = YES;
				CLANG_WARN_ENUM_CONVERSION = YES;
				CLANG_WARN_INFINITE_RECURSION = YES;
				CLANG_WARN_INT_CONVERSION = YES;
				CLANG_WARN_NON_LITERAL_NULL_CONVERSION = YES;
				CLANG_WARN_OBJC_IMPLICIT_RETAIN_SELF = YES;
				CLANG_WARN_OBJC_LITERAL_CONVERSION = YES;
				CLANG_WARN_OBJC_ROOT_CLASS = YES_ERROR;
				CLANG_WARN_QUOTED_INCLUDE_IN_FRAMEWORK_HEADER = YES;
				CLANG_WARN_RANGE_LOOP_ANALYSIS = YES;
				CLANG_WARN_STRICT_PROTOTYPES = YES;
				CLANG_WARN_SUSPICIOUS_MOVE = YES;
				CLANG_WARN_UNGUARDED_AVAILABILITY = YES_AGGRESSIVE;
				CLANG_WARN_UNREACHABLE_CODE = YES;
				CLANG_WARN__DUPLICATE_METHOD_MATCH = YES;
				COPY_PHASE_STRIP = NO;
				DEBUG_INFORMATION_FORMAT = "dwarf-with-dsym";
				ENABLE_NS_ASSERTIONS = NO;
				ENABLE_STRICT_OBJC_MSGSEND = YES;
				GCC_C_LANGUAGE_STANDARD = gnu11;
				GCC_NO_COMMON_BLOCKS = YES;
				GCC_WARN_64_TO_32_BIT_CONVERSION = YES;
				GCC_WARN_ABOUT_RETURN_TYPE = YES_ERROR;
				GCC_WARN_UNDECLARED_SELECTOR = YES;
				GCC_WARN_UNINITIALIZED_AUTOS = YES_AGGRESSIVE;
				GCC_WARN_UNUSED_FUNCTION = YES;
				GCC_WARN_UNUSED_VARIABLE = YES;
				IPHONEOS_DEPLOYMENT_TARGET = 16.2;
				MTL_ENABLE_DEBUG_INFO = NO;
				MTL_FAST_MATH = YES;
				SDKROOT = iphoneos;
				SWIFT_COMPILATION_MODE = wholemodule;
				SWIFT_OPTIMIZATION_LEVEL = "-O";
				VALIDATE_PRODUCT = YES;
			};
			name = Release;
		};
		01C76F1E299E2CE9000F3B86 /* Debug */ = {
			isa = XCBuildConfiguration;
			baseConfigurationReference = 50688C4A03E850EE41023470 /* Pods-VPProject.debug.xcconfig */;
			buildSettings = {
				ASSETCATALOG_COMPILER_APPICON_NAME = AppIcon;
				ASSETCATALOG_COMPILER_GLOBAL_ACCENT_COLOR_NAME = AccentColor;
				CODE_SIGN_STYLE = Automatic;
				CURRENT_PROJECT_VERSION = 1;
				DEVELOPMENT_TEAM = 6QB2544E63;
				GENERATE_INFOPLIST_FILE = YES;
				INFOPLIST_FILE = VPProject/Info.plist;
				INFOPLIST_KEY_UIApplicationSupportsIndirectInputEvents = YES;
				INFOPLIST_KEY_UILaunchStoryboardName = LaunchScreen.storyboard;
				INFOPLIST_KEY_UIMainStoryboardFile = Main;
				INFOPLIST_KEY_UISupportedInterfaceOrientations_iPad = "UIInterfaceOrientationPortrait UIInterfaceOrientationPortraitUpsideDown UIInterfaceOrientationLandscapeLeft UIInterfaceOrientationLandscapeRight";
				INFOPLIST_KEY_UISupportedInterfaceOrientations_iPhone = "UIInterfaceOrientationPortrait UIInterfaceOrientationLandscapeLeft UIInterfaceOrientationLandscapeRight";
				IPHONEOS_DEPLOYMENT_TARGET = 13.0;
				LD_RUNPATH_SEARCH_PATHS = (
					"$(inherited)",
					"@executable_path/Frameworks",
				);
				MARKETING_VERSION = 1.0;
				PRODUCT_BUNDLE_IDENTIFIER = com.lw.cn.VPProject;
				PRODUCT_NAME = "$(TARGET_NAME)";
				SWIFT_EMIT_LOC_STRINGS = YES;
				SWIFT_VERSION = 5.0;
				TARGETED_DEVICE_FAMILY = "1,2";
			};
			name = Debug;
		};
		01C76F1F299E2CE9000F3B86 /* Release */ = {
			isa = XCBuildConfiguration;
			baseConfigurationReference = EFBE52073CBB14B2BFB87F11 /* Pods-VPProject.release.xcconfig */;
			buildSettings = {
				ASSETCATALOG_COMPILER_APPICON_NAME = AppIcon;
				ASSETCATALOG_COMPILER_GLOBAL_ACCENT_COLOR_NAME = AccentColor;
				CODE_SIGN_STYLE = Automatic;
				CURRENT_PROJECT_VERSION = 1;
				DEVELOPMENT_TEAM = 6QB2544E63;
				GENERATE_INFOPLIST_FILE = YES;
				INFOPLIST_FILE = VPProject/Info.plist;
				INFOPLIST_KEY_UIApplicationSupportsIndirectInputEvents = YES;
				INFOPLIST_KEY_UILaunchStoryboardName = LaunchScreen.storyboard;
				INFOPLIST_KEY_UIMainStoryboardFile = Main;
				INFOPLIST_KEY_UISupportedInterfaceOrientations_iPad = "UIInterfaceOrientationPortrait UIInterfaceOrientationPortraitUpsideDown UIInterfaceOrientationLandscapeLeft UIInterfaceOrientationLandscapeRight";
				INFOPLIST_KEY_UISupportedInterfaceOrientations_iPhone = "UIInterfaceOrientationPortrait UIInterfaceOrientationLandscapeLeft UIInterfaceOrientationLandscapeRight";
				IPHONEOS_DEPLOYMENT_TARGET = 13.0;
				LD_RUNPATH_SEARCH_PATHS = (
					"$(inherited)",
					"@executable_path/Frameworks",
				);
				MARKETING_VERSION = 1.0;
				PRODUCT_BUNDLE_IDENTIFIER = com.lw.cn.VPProject;
				PRODUCT_NAME = "$(TARGET_NAME)";
				SWIFT_EMIT_LOC_STRINGS = YES;
				SWIFT_VERSION = 5.0;
				TARGETED_DEVICE_FAMILY = "1,2";
			};
			name = Release;
		};
/* End XCBuildConfiguration section */

/* Begin XCConfigurationList section */
		01C76F04299E2CE9000F3B86 /* Build configuration list for PBXProject "VPProject" */ = {
			isa = XCConfigurationList;
			buildConfigurations = (
				01C76F1B299E2CE9000F3B86 /* Debug */,
				01C76F1C299E2CE9000F3B86 /* Release */,
			);
			defaultConfigurationIsVisible = 0;
			defaultConfigurationName = Release;
		};
		01C76F1D299E2CE9000F3B86 /* Build configuration list for PBXNativeTarget "VPProject" */ = {
			isa = XCConfigurationList;
			buildConfigurations = (
				01C76F1E299E2CE9000F3B86 /* Debug */,
				01C76F1F299E2CE9000F3B86 /* Release */,
			);
			defaultConfigurationIsVisible = 0;
			defaultConfigurationName = Release;
		};
/* End XCConfigurationList section */
	};
	rootObject = 01C76F01299E2CE9000F3B86 /* Project object */;
}
